// !$*UTF8*$!
{
	archiveVersion = 1;
	classes = {
	};
	objectVersion = 46;
	objects = {

/* Begin PBXBuildFile section */
		6DED140E1E85837100C722B3 /* main.swift in Sources */ = {isa = PBXBuildFile; fileRef = 6DED140D1E85837100C722B3 /* main.swift */; };
		6DFBB55F1EA7D0070087A353 /* VISA.framework in Frameworks */ = {isa = PBXBuildFile; fileRef = 6DFBB55E1EA7D0070087A353 /* VISA.framework */; };
/* End PBXBuildFile section */

/* Begin PBXCopyFilesBuildPhase section */
		6DED14081E85837100C722B3 /* CopyFiles */ = {
			isa = PBXCopyFilesBuildPhase;
			buildActionMask = 2147483647;
			dstPath = /usr/share/man/man1/;
			dstSubfolderSpec = 0;
			files = (
			);
			runOnlyForDeploymentPostprocessing = 1;
		};
/* End PBXCopyFilesBuildPhase section */

/* Begin PBXFileReference section */
		6DED140A1E85837100C722B3 /* SwiftVISA */ = {isa = PBXFileReference; explicitFileType = "compiled.mach-o.executable"; includeInIndex = 0; path = SwiftVISA; sourceTree = BUILT_PRODUCTS_DIR; };
		6DED140D1E85837100C722B3 /* main.swift */ = {isa = PBXFileReference; lastKnownFileType = sourcecode.swift; path = main.swift; sourceTree = "<group>"; };
		6DED14141E85838F00C722B3 /* SV-Bridging-Header.h */ = {isa = PBXFileReference; fileEncoding = 4; lastKnownFileType = sourcecode.c.h; name = "SV-Bridging-Header.h"; path = "../SV-Bridging-Header.h"; sourceTree = "<group>"; };
		6DED14161E8583A200C722B3 /* visa.h */ = {isa = PBXFileReference; fileEncoding = 4; lastKnownFileType = sourcecode.c.h; name = visa.h; path = ../Headers/visa.h; sourceTree = "<group>"; };
		6DED14171E8583A200C722B3 /* visatype.h */ = {isa = PBXFileReference; fileEncoding = 4; lastKnownFileType = sourcecode.c.h; name = visatype.h; path = ../Headers/visatype.h; sourceTree = "<group>"; };
		6DED14181E8583A200C722B3 /* vpptype.h */ = {isa = PBXFileReference; fileEncoding = 4; lastKnownFileType = sourcecode.c.h; name = vpptype.h; path = ../Headers/vpptype.h; sourceTree = "<group>"; };
		6DED141A1E85873B00C722B3 /* module.map */ = {isa = PBXFileReference; fileEncoding = 4; lastKnownFileType = "sourcecode.module-map"; path = module.map; sourceTree = "<group>"; };
		6DFBB55E1EA7D0070087A353 /* VISA.framework */ = {isa = PBXFileReference; lastKnownFileType = wrapper.framework; name = VISA.framework; path = ../../../../Library/Frameworks/VISA.framework; sourceTree = "<group>"; };
/* End PBXFileReference section */

/* Begin PBXFrameworksBuildPhase section */
		6DED14071E85837100C722B3 /* Frameworks */ = {
			isa = PBXFrameworksBuildPhase;
			buildActionMask = 2147483647;
			files = (
				6DFBB55F1EA7D0070087A353 /* VISA.framework in Frameworks */,
			);
			runOnlyForDeploymentPostprocessing = 0;
		};
/* End PBXFrameworksBuildPhase section */

/* Begin PBXGroup section */
		6DED14011E85837100C722B3 = {
			isa = PBXGroup;
			children = (
				6DED14191E8586D500C722B3 /* VISA */,
				6DED140C1E85837100C722B3 /* SwiftVISA */,
				6DED140B1E85837100C722B3 /* Products */,
				6DED14151E8583A200C722B3 /* Headers */,
				6DFBB55D1EA7D0070087A353 /* Frameworks */,
			);
			sourceTree = "<group>";
		};
		6DED140B1E85837100C722B3 /* Products */ = {
			isa = PBXGroup;
			children = (
				6DED140A1E85837100C722B3 /* SwiftVISA */,
			);
			name = Products;
			sourceTree = "<group>";
		};
		6DED140C1E85837100C722B3 /* SwiftVISA */ = {
			isa = PBXGroup;
			children = (
				6DED14141E85838F00C722B3 /* SV-Bridging-Header.h */,
				6DED140D1E85837100C722B3 /* main.swift */,
				6DED14161E8583A200C722B3 /* visa.h */,
				6DED14171E8583A200C722B3 /* visatype.h */,
				6DED14181E8583A200C722B3 /* vpptype.h */,
			);
			path = SwiftVISA;
			sourceTree = "<group>";
		};
		6DED14151E8583A200C722B3 /* Headers */ = {
			isa = PBXGroup;
			children = (
			);
			path = Headers;
			sourceTree = "<group>";
		};
		6DED14191E8586D500C722B3 /* VISA */ = {
			isa = PBXGroup;
			children = (
				6DED141A1E85873B00C722B3 /* module.map */,
			);
			name = VISA;
			sourceTree = "<group>";
		};
		6DFBB55D1EA7D0070087A353 /* Frameworks */ = {
			isa = PBXGroup;
			children = (
				6DFBB55E1EA7D0070087A353 /* VISA.framework */,
			);
			name = Frameworks;
			sourceTree = "<group>";
		};
/* End PBXGroup section */

/* Begin PBXNativeTarget section */
		6DED14091E85837100C722B3 /* SwiftVISA */ = {
			isa = PBXNativeTarget;
			buildConfigurationList = 6DED14111E85837100C722B3 /* Build configuration list for PBXNativeTarget "SwiftVISA" */;
			buildPhases = (
				6DED14061E85837100C722B3 /* Sources */,
				6DED14071E85837100C722B3 /* Frameworks */,
				6DED14081E85837100C722B3 /* CopyFiles */,
			);
			buildRules = (
			);
			dependencies = (
			);
			name = SwiftVISA;
			productName = SwiftVISA;
			productReference = 6DED140A1E85837100C722B3 /* SwiftVISA */;
			productType = "com.apple.product-type.tool";
		};
/* End PBXNativeTarget section */

/* Begin PBXProject section */
		6DED14021E85837100C722B3 /* Project object */ = {
			isa = PBXProject;
			attributes = {
				LastSwiftUpdateCheck = 0820;
				LastUpgradeCheck = 0820;
				ORGANIZATIONNAME = "Steven Sawtelle";
				TargetAttributes = {
					6DED14091E85837100C722B3 = {
						CreatedOnToolsVersion = 8.2.1;
						ProvisioningStyle = Automatic;
					};
				};
			};
			buildConfigurationList = 6DED14051E85837100C722B3 /* Build configuration list for PBXProject "SwiftVISA" */;
			compatibilityVersion = "Xcode 3.2";
			developmentRegion = English;
			hasScannedForEncodings = 0;
			knownRegions = (
				en,
			);
			mainGroup = 6DED14011E85837100C722B3;
			productRefGroup = 6DED140B1E85837100C722B3 /* Products */;
			projectDirPath = "";
			projectRoot = "";
			targets = (
				6DED14091E85837100C722B3 /* SwiftVISA */,
			);
		};
/* End PBXProject section */

/* Begin PBXSourcesBuildPhase section */
		6DED14061E85837100C722B3 /* Sources */ = {
			isa = PBXSourcesBuildPhase;
			buildActionMask = 2147483647;
			files = (
				6DED140E1E85837100C722B3 /* main.swift in Sources */,
			);
			runOnlyForDeploymentPostprocessing = 0;
		};
/* End PBXSourcesBuildPhase section */

/* Begin XCBuildConfiguration section */
		6DED140F1E85837100C722B3 /* Debug */ = {
			isa = XCBuildConfiguration;
			buildSettings = {
				ALWAYS_SEARCH_USER_PATHS = NO;
				CLANG_ANALYZER_NONNULL = YES;
				CLANG_CXX_LANGUAGE_STANDARD = "gnu++0x";
				CLANG_CXX_LIBRARY = "libc++";
				CLANG_ENABLE_MODULES = YES;
				CLANG_ENABLE_OBJC_ARC = YES;
				CLANG_WARN_BOOL_CONVERSION = YES;
				CLANG_WARN_CONSTANT_CONVERSION = YES;
				CLANG_WARN_DIRECT_OBJC_ISA_USAGE = YES_ERROR;
				CLANG_WARN_DOCUMENTATION_COMMENTS = YES;
				CLANG_WARN_EMPTY_BODY = YES;
				CLANG_WARN_ENUM_CONVERSION = YES;
				CLANG_WARN_INFINITE_RECURSION = YES;
				CLANG_WARN_INT_CONVERSION = YES;
				CLANG_WARN_OBJC_ROOT_CLASS = YES_ERROR;
				CLANG_WARN_SUSPICIOUS_MOVE = YES;
				CLANG_WARN_UNREACHABLE_CODE = YES;
				CLANG_WARN__DUPLICATE_METHOD_MATCH = YES;
				CODE_SIGN_IDENTITY = "-";
				COPY_PHASE_STRIP = NO;
				DEBUG_INFORMATION_FORMAT = dwarf;
				ENABLE_STRICT_OBJC_MSGSEND = YES;
				ENABLE_TESTABILITY = YES;
				FRAMEWORK_SEARCH_PATHS = "$(inherited)";
				GCC_C_LANGUAGE_STANDARD = gnu99;
				GCC_DYNAMIC_NO_PIC = NO;
				GCC_NO_COMMON_BLOCKS = YES;
				GCC_OPTIMIZATION_LEVEL = 0;
				GCC_PREPROCESSOR_DEFINITIONS = (
					"DEBUG=1",
					"$(inherited)",
				);
				GCC_WARN_64_TO_32_BIT_CONVERSION = YES;
				GCC_WARN_ABOUT_RETURN_TYPE = YES_ERROR;
				GCC_WARN_UNDECLARED_SELECTOR = YES;
				GCC_WARN_UNINITIALIZED_AUTOS = YES_AGGRESSIVE;
				GCC_WARN_UNUSED_FUNCTION = YES;
				GCC_WARN_UNUSED_VARIABLE = YES;
				MACOSX_DEPLOYMENT_TARGET = 10.12;
				MTL_ENABLE_DEBUG_INFO = YES;
				ONLY_ACTIVE_ARCH = NO;
				SDKROOT = macosx;
				SWIFT_INCLUDE_PATHS = "${SRCROOT}/visa";
				SWIFT_OBJC_BRIDGING_HEADER = "SV-Bridging-Header.h";
				SWIFT_OPTIMIZATION_LEVEL = "-Onone";
			};
			name = Debug;
		};
		6DED14101E85837100C722B3 /* Release */ = {
			isa = XCBuildConfiguration;
			buildSettings = {
				ALWAYS_SEARCH_USER_PATHS = NO;
				CLANG_ANALYZER_NONNULL = YES;
				CLANG_CXX_LANGUAGE_STANDARD = "gnu++0x";
				CLANG_CXX_LIBRARY = "libc++";
				CLANG_ENABLE_MODULES = YES;
				CLANG_ENABLE_OBJC_ARC = YES;
				CLANG_WARN_BOOL_CONVERSION = YES;
				CLANG_WARN_CONSTANT_CONVERSION = YES;
				CLANG_WARN_DIRECT_OBJC_ISA_USAGE = YES_ERROR;
				CLANG_WARN_DOCUMENTATION_COMMENTS = YES;
				CLANG_WARN_EMPTY_BODY = YES;
				CLANG_WARN_ENUM_CONVERSION = YES;
				CLANG_WARN_INFINITE_RECURSION = YES;
				CLANG_WARN_INT_CONVERSION = YES;
				CLANG_WARN_OBJC_ROOT_CLASS = YES_ERROR;
				CLANG_WARN_SUSPICIOUS_MOVE = YES;
				CLANG_WARN_UNREACHABLE_CODE = YES;
				CLANG_WARN__DUPLICATE_METHOD_MATCH = YES;
				CODE_SIGN_IDENTITY = "-";
				COPY_PHASE_STRIP = NO;
				DEBUG_INFORMATION_FORMAT = "dwarf-with-dsym";
				ENABLE_NS_ASSERTIONS = NO;
				ENABLE_STRICT_OBJC_MSGSEND = YES;
				FRAMEWORK_SEARCH_PATHS = "$(inherited)";
				GCC_C_LANGUAGE_STANDARD = gnu99;
				GCC_NO_COMMON_BLOCKS = YES;
				GCC_WARN_64_TO_32_BIT_CONVERSION = YES;
				GCC_WARN_ABOUT_RETURN_TYPE = YES_ERROR;
				GCC_WARN_UNDECLARED_SELECTOR = YES;
				GCC_WARN_UNINITIALIZED_AUTOS = YES_AGGRESSIVE;
				GCC_WARN_UNUSED_FUNCTION = YES;
				GCC_WARN_UNUSED_VARIABLE = YES;
				MACOSX_DEPLOYMENT_TARGET = 10.12;
				MTL_ENABLE_DEBUG_INFO = NO;
				ONLY_ACTIVE_ARCH = NO;
				SDKROOT = macosx;
				SWIFT_INCLUDE_PATHS = "${SRCROOT}/visa";
				SWIFT_OBJC_BRIDGING_HEADER = "SV-Bridging-Header.h";
			};
			name = Release;
		};
		6DED14121E85837100C722B3 /* Debug */ = {
			isa = XCBuildConfiguration;
			buildSettings = {
				CLANG_CXX_LANGUAGE_STANDARD = "compiler-default";
				CLANG_CXX_LIBRARY = "compiler-default";
				FRAMEWORK_SEARCH_PATHS = (
					"$(inherited)",
					"$(LOCAL_LIBRARY_DIR)/Frameworks",
				);
				PRODUCT_NAME = "$(TARGET_NAME)";
				SWIFT_INCLUDE_PATHS = "${SRCROOT}/VISA";
				SWIFT_VERSION = 3.0;
			};
			name = Debug;
		};
		6DED14131E85837100C722B3 /* Release */ = {
			isa = XCBuildConfiguration;
			buildSettings = {
				CLANG_CXX_LANGUAGE_STANDARD = "compiler-default";
				CLANG_CXX_LIBRARY = "compiler-default";
				FRAMEWORK_SEARCH_PATHS = (
					"$(inherited)",
					"$(LOCAL_LIBRARY_DIR)/Frameworks",
				);
				PRODUCT_NAME = "$(TARGET_NAME)";
				SWIFT_INCLUDE_PATHS = "${SRCROOT}/VISA";
				SWIFT_VERSION = 3.0;
			};
			name = Release;
		};
/* End XCBuildConfiguration section */

/* Begin XCConfigurationList section */
		6DED14051E85837100C722B3 /* Build configuration list for PBXProject "SwiftVISA" */ = {
			isa = XCConfigurationList;
			buildConfigurations = (
				6DED140F1E85837100C722B3 /* Debug */,
				6DED14101E85837100C722B3 /* Release */,
			);
			defaultConfigurationIsVisible = 0;
			defaultConfigurationName = Release;
		};
		6DED14111E85837100C722B3 /* Build configuration list for PBXNativeTarget "SwiftVISA" */ = {
			isa = XCConfigurationList;
			buildConfigurations = (
				6DED14121E85837100C722B3 /* Debug */,
				6DED14131E85837100C722B3 /* Release */,
			);
			defaultConfigurationIsVisible = 0;
			defaultConfigurationName = Release;
		};
/* End XCConfigurationList section */
	};
	rootObject = 6DED14021E85837100C722B3 /* Project object */;
}
